{
  "name": "compassiot-ts-examples",
  "version": "1.0.0",
  "lockfileVersion": 3,
  "requires": true,
  "packages": {
    "": {
      "name": "compassiot-ts-examples",
      "version": "1.0.0",
      "license": "ISC",
      "dependencies": {
        "@buf/compassiot_api.bufbuild_es": "^1.9.0-00000000000000-69bca1d3bf9b.2",
        "@buf/compassiot_api.connectrpc_es": "^1.4.0-00000000000000-69bca1d3bf9b.3",
        "@buf/compassiot_model.bufbuild_es": "^1.9.0-00000000000000-4edd3a55aace.2",
        "@bufbuild/protobuf": "^1.9.0",
        "@connectrpc/connect": "^1.4.0",
        "@connectrpc/connect-node": "^1.4.0",
        "@connectrpc/connect-web": "^1.4.0"
      }
    },
    "node_modules/@buf/bufbuild_protovalidate.bufbuild_es": {
      "version": "1.9.0-20250307204501-0409229c3780.2",
      "resolved": "https://buf.build/gen/npm/v1/@buf/bufbuild_protovalidate.bufbuild_es/-/bufbuild_protovalidate.bufbuild_es-1.9.0-20250307204501-0409229c3780.2.tgz",
      "peerDependencies": {
        "@bufbuild/protobuf": "^1.9.0"
      }
    },
    "node_modules/@buf/bufbuild_protovalidate.connectrpc_es": {
      "version": "1.4.0-20250307204501-0409229c3780.3",
      "resolved": "https://buf.build/gen/npm/v1/@buf/bufbuild_protovalidate.connectrpc_es/-/bufbuild_protovalidate.connectrpc_es-1.4.0-20250307204501-0409229c3780.3.tgz",
      "dependencies": {
        "@buf/bufbuild_protovalidate.bufbuild_es": "1.7.2-20250307204501-0409229c3780.2"
      },
      "peerDependencies": {
        "@connectrpc/connect": "^1.4.0"
      }
    },
    "node_modules/@buf/bufbuild_protovalidate.connectrpc_es/node_modules/@buf/bufbuild_protovalidate.bufbuild_es": {
      "version": "1.7.2-20250307204501-0409229c3780.2",
      "resolved": "https://buf.build/gen/npm/v1/@buf/bufbuild_protovalidate.bufbuild_es/-/bufbuild_protovalidate.bufbuild_es-1.7.2-20250307204501-0409229c3780.2.tgz",
      "peerDependencies": {
        "@bufbuild/protobuf": "^1.7.2"
      }
    },
    "node_modules/@buf/compassiot_api.bufbuild_es": {
      "version": "1.9.0-00000000000000-69bca1d3bf9b.2",
      "resolved": "https://buf.build/gen/npm/v1/@buf/compassiot_api.bufbuild_es/-/compassiot_api.bufbuild_es-1.9.0-00000000000000-69bca1d3bf9b.2.tgz",
      "dependencies": {
        "@buf/bufbuild_protovalidate.bufbuild_es": "1.9.0-20250307204501-0409229c3780.2",
        "@buf/compassiot_model.bufbuild_es": "1.9.0-00000000000000-4edd3a55aace.2",
        "@buf/googleapis_googleapis.bufbuild_es": "1.9.0-20250303202749-751cbe31638d.2",
        "@buf/googlecloudplatform_bq-schema-api.bufbuild_es": "1.9.0-20241126165326-21c7b1fb5fe8.2"
      },
      "peerDependencies": {
        "@bufbuild/protobuf": "^1.9.0"
      }
    },
    "node_modules/@buf/compassiot_api.connectrpc_es": {
      "version": "1.4.0-00000000000000-69bca1d3bf9b.3",
      "resolved": "https://buf.build/gen/npm/v1/@buf/compassiot_api.connectrpc_es/-/compassiot_api.connectrpc_es-1.4.0-00000000000000-69bca1d3bf9b.3.tgz",
      "dependencies": {
        "@buf/bufbuild_protovalidate.connectrpc_es": "1.4.0-20250307204501-0409229c3780.3",
        "@buf/compassiot_api.bufbuild_es": "1.7.2-00000000000000-69bca1d3bf9b.2",
        "@buf/compassiot_model.connectrpc_es": "1.4.0-00000000000000-4edd3a55aace.3",
        "@buf/googleapis_googleapis.connectrpc_es": "1.4.0-20250303202749-751cbe31638d.3",
        "@buf/googlecloudplatform_bq-schema-api.connectrpc_es": "1.4.0-20241126165326-21c7b1fb5fe8.3"
      },
      "peerDependencies": {
        "@connectrpc/connect": "^1.4.0"
      }
    },
    "node_modules/@buf/compassiot_api.connectrpc_es/node_modules/@buf/bufbuild_protovalidate.bufbuild_es": {
      "version": "1.7.2-20250307204501-0409229c3780.2",
      "resolved": "https://buf.build/gen/npm/v1/@buf/bufbuild_protovalidate.bufbuild_es/-/bufbuild_protovalidate.bufbuild_es-1.7.2-20250307204501-0409229c3780.2.tgz",
      "peerDependencies": {
        "@bufbuild/protobuf": "^1.7.2"
      }
    },
    "node_modules/@buf/compassiot_api.connectrpc_es/node_modules/@buf/compassiot_api.bufbuild_es": {
      "version": "1.7.2-00000000000000-69bca1d3bf9b.2",
      "resolved": "https://buf.build/gen/npm/v1/@buf/compassiot_api.bufbuild_es/-/compassiot_api.bufbuild_es-1.7.2-00000000000000-69bca1d3bf9b.2.tgz",
      "dependencies": {
        "@buf/bufbuild_protovalidate.bufbuild_es": "1.7.2-20250307204501-0409229c3780.2",
        "@buf/compassiot_model.bufbuild_es": "1.7.2-00000000000000-4edd3a55aace.2",
        "@buf/googleapis_googleapis.bufbuild_es": "1.7.2-20250303202749-751cbe31638d.2",
        "@buf/googlecloudplatform_bq-schema-api.bufbuild_es": "1.7.2-20241126165326-21c7b1fb5fe8.2"
      },
      "peerDependencies": {
        "@bufbuild/protobuf": "^1.7.2"
      }
    },
    "node_modules/@buf/compassiot_api.connectrpc_es/node_modules/@buf/compassiot_model.bufbuild_es": {
      "version": "1.7.2-00000000000000-4edd3a55aace.2",
      "resolved": "https://buf.build/gen/npm/v1/@buf/compassiot_model.bufbuild_es/-/compassiot_model.bufbuild_es-1.7.2-00000000000000-4edd3a55aace.2.tgz",
      "dependencies": {
        "@buf/bufbuild_protovalidate.bufbuild_es": "1.7.2-20250307204501-0409229c3780.2",
        "@buf/googlecloudplatform_bq-schema-api.bufbuild_es": "1.7.2-20241126165326-21c7b1fb5fe8.2"
      },
      "peerDependencies": {
        "@bufbuild/protobuf": "^1.7.2"
      }
    },
    "node_modules/@buf/compassiot_api.connectrpc_es/node_modules/@buf/googleapis_googleapis.bufbuild_es": {
      "version": "1.7.2-20250303202749-751cbe31638d.2",
      "resolved": "https://buf.build/gen/npm/v1/@buf/googleapis_googleapis.bufbuild_es/-/googleapis_googleapis.bufbuild_es-1.7.2-20250303202749-751cbe31638d.2.tgz",
      "peerDependencies": {
        "@bufbuild/protobuf": "^1.7.2"
      }
    },
    "node_modules/@buf/compassiot_api.connectrpc_es/node_modules/@buf/googlecloudplatform_bq-schema-api.bufbuild_es": {
      "version": "1.7.2-20241126165326-21c7b1fb5fe8.2",
      "resolved": "https://buf.build/gen/npm/v1/@buf/googlecloudplatform_bq-schema-api.bufbuild_es/-/googlecloudplatform_bq-schema-api.bufbuild_es-1.7.2-20241126165326-21c7b1fb5fe8.2.tgz",
      "peerDependencies": {
        "@bufbuild/protobuf": "^1.7.2"
      }
    },
    "node_modules/@buf/compassiot_model.bufbuild_es": {
      "version": "1.9.0-00000000000000-4edd3a55aace.2",
      "resolved": "https://buf.build/gen/npm/v1/@buf/compassiot_model.bufbuild_es/-/compassiot_model.bufbuild_es-1.9.0-00000000000000-4edd3a55aace.2.tgz",
      "dependencies": {
        "@buf/bufbuild_protovalidate.bufbuild_es": "1.9.0-20250307204501-0409229c3780.2",
        "@buf/googlecloudplatform_bq-schema-api.bufbuild_es": "1.9.0-20241126165326-21c7b1fb5fe8.2"
      },
      "peerDependencies": {
        "@bufbuild/protobuf": "^1.9.0"
      }
    },
    "node_modules/@buf/compassiot_model.connectrpc_es": {
      "version": "1.4.0-00000000000000-4edd3a55aace.3",
      "resolved": "https://buf.build/gen/npm/v1/@buf/compassiot_model.connectrpc_es/-/compassiot_model.connectrpc_es-1.4.0-00000000000000-4edd3a55aace.3.tgz",
      "dependencies": {
        "@buf/bufbuild_protovalidate.connectrpc_es": "1.4.0-20250307204501-0409229c3780.3",
        "@buf/compassiot_model.bufbuild_es": "1.7.2-00000000000000-4edd3a55aace.2",
        "@buf/googlecloudplatform_bq-schema-api.connectrpc_es": "1.4.0-20241126165326-21c7b1fb5fe8.3"
      },
      "peerDependencies": {
        "@connectrpc/connect": "^1.4.0"
      }
    },
    "node_modules/@buf/compassiot_model.connectrpc_es/node_modules/@buf/bufbuild_protovalidate.bufbuild_es": {
      "version": "1.7.2-20250307204501-0409229c3780.2",
      "resolved": "https://buf.build/gen/npm/v1/@buf/bufbuild_protovalidate.bufbuild_es/-/bufbuild_protovalidate.bufbuild_es-1.7.2-20250307204501-0409229c3780.2.tgz",
      "peerDependencies": {
        "@bufbuild/protobuf": "^1.7.2"
      }
    },
    "node_modules/@buf/compassiot_model.connectrpc_es/node_modules/@buf/compassiot_model.bufbuild_es": {
      "version": "1.7.2-00000000000000-4edd3a55aace.2",
      "resolved": "https://buf.build/gen/npm/v1/@buf/compassiot_model.bufbuild_es/-/compassiot_model.bufbuild_es-1.7.2-00000000000000-4edd3a55aace.2.tgz",
      "dependencies": {
        "@buf/bufbuild_protovalidate.bufbuild_es": "1.7.2-20250307204501-0409229c3780.2",
        "@buf/googlecloudplatform_bq-schema-api.bufbuild_es": "1.7.2-20241126165326-21c7b1fb5fe8.2"
      },
      "peerDependencies": {
        "@bufbuild/protobuf": "^1.7.2"
      }
    },
    "node_modules/@buf/compassiot_model.connectrpc_es/node_modules/@buf/googlecloudplatform_bq-schema-api.bufbuild_es": {
      "version": "1.7.2-20241126165326-21c7b1fb5fe8.2",
      "resolved": "https://buf.build/gen/npm/v1/@buf/googlecloudplatform_bq-schema-api.bufbuild_es/-/googlecloudplatform_bq-schema-api.bufbuild_es-1.7.2-20241126165326-21c7b1fb5fe8.2.tgz",
      "peerDependencies": {
        "@bufbuild/protobuf": "^1.7.2"
      }
    },
    "node_modules/@buf/googleapis_googleapis.bufbuild_es": {
      "version": "1.9.0-20250303202749-751cbe31638d.2",
      "resolved": "https://buf.build/gen/npm/v1/@buf/googleapis_googleapis.bufbuild_es/-/googleapis_googleapis.bufbuild_es-1.9.0-20250303202749-751cbe31638d.2.tgz",
      "peerDependencies": {
        "@bufbuild/protobuf": "^1.9.0"
      }
    },
    "node_modules/@buf/googleapis_googleapis.connectrpc_es": {
      "version": "1.4.0-20250303202749-751cbe31638d.3",
      "resolved": "https://buf.build/gen/npm/v1/@buf/googleapis_googleapis.connectrpc_es/-/googleapis_googleapis.connectrpc_es-1.4.0-20250303202749-751cbe31638d.3.tgz",
      "dependencies": {
        "@buf/googleapis_googleapis.bufbuild_es": "1.7.2-20250303202749-751cbe31638d.2"
      },
      "peerDependencies": {
        "@connectrpc/connect": "^1.4.0"
      }
    },
    "node_modules/@buf/googleapis_googleapis.connectrpc_es/node_modules/@buf/googleapis_googleapis.bufbuild_es": {
      "version": "1.7.2-20250303202749-751cbe31638d.2",
      "resolved": "https://buf.build/gen/npm/v1/@buf/googleapis_googleapis.bufbuild_es/-/googleapis_googleapis.bufbuild_es-1.7.2-20250303202749-751cbe31638d.2.tgz",
      "peerDependencies": {
        "@bufbuild/protobuf": "^1.7.2"
      }
    },
    "node_modules/@buf/googlecloudplatform_bq-schema-api.bufbuild_es": {
      "version": "1.9.0-20241126165326-21c7b1fb5fe8.2",
      "resolved": "https://buf.build/gen/npm/v1/@buf/googlecloudplatform_bq-schema-api.bufbuild_es/-/googlecloudplatform_bq-schema-api.bufbuild_es-1.9.0-20241126165326-21c7b1fb5fe8.2.tgz",
      "peerDependencies": {
        "@bufbuild/protobuf": "^1.9.0"
      }
    },
    "node_modules/@buf/googlecloudplatform_bq-schema-api.connectrpc_es": {
      "version": "1.4.0-20241126165326-21c7b1fb5fe8.3",
      "resolved": "https://buf.build/gen/npm/v1/@buf/googlecloudplatform_bq-schema-api.connectrpc_es/-/googlecloudplatform_bq-schema-api.connectrpc_es-1.4.0-20241126165326-21c7b1fb5fe8.3.tgz",
      "dependencies": {
        "@buf/googlecloudplatform_bq-schema-api.bufbuild_es": "1.7.2-20241126165326-21c7b1fb5fe8.2"
      },
      "peerDependencies": {
        "@connectrpc/connect": "^1.4.0"
      }
    },
    "node_modules/@buf/googlecloudplatform_bq-schema-api.connectrpc_es/node_modules/@buf/googlecloudplatform_bq-schema-api.bufbuild_es": {
      "version": "1.7.2-20241126165326-21c7b1fb5fe8.2",
      "resolved": "https://buf.build/gen/npm/v1/@buf/googlecloudplatform_bq-schema-api.bufbuild_es/-/googlecloudplatform_bq-schema-api.bufbuild_es-1.7.2-20241126165326-21c7b1fb5fe8.2.tgz",
      "peerDependencies": {
        "@bufbuild/protobuf": "^1.7.2"
      }
    },
    "node_modules/@bufbuild/protobuf": {
      "version": "1.9.0",
      "resolved": "https://registry.npmjs.org/@bufbuild/protobuf/-/protobuf-1.9.0.tgz",
      "integrity": "sha512-W7gp8Q/v1NlCZLsv8pQ3Y0uCu/SHgXOVFK+eUluUKWXmsb6VHkpNx0apdOWWcDbB9sJoKeP8uPrjmehJz6xETQ==",
      "license": "(Apache-2.0 AND BSD-3-Clause)"
    },
    "node_modules/@connectrpc/connect": {
      "version": "1.4.0",
      "resolved": "https://registry.npmjs.org/@connectrpc/connect/-/connect-1.4.0.tgz",
      "integrity": "sha512-vZeOkKaAjyV4+RH3+rJZIfDFJAfr+7fyYr6sLDKbYX3uuTVszhFe9/YKf5DNqrDb5cKdKVlYkGn6DTDqMitAnA==",
      "license": "Apache-2.0",
      "peerDependencies": {
        "@bufbuild/protobuf": "^1.4.2"
      }
    },
    "node_modules/@connectrpc/connect-node": {
      "version": "1.4.0",
      "resolved": "https://registry.npmjs.org/@connectrpc/connect-node/-/connect-node-1.4.0.tgz",
      "integrity": "sha512-0ANnrr6SvsjevsWEgdzHy7BaHkluZyS6s4xNoVt7RBHFR5V/kT9lPokoIbYUOU9JHzdRgTaS3x5595mwUsu15g==",
      "license": "Apache-2.0",
      "dependencies": {
        "undici": "^5.28.3"
      },
      "engines": {
        "node": ">=16.0.0"
      },
      "peerDependencies": {
        "@bufbuild/protobuf": "^1.4.2",
        "@connectrpc/connect": "1.4.0"
      }
    },
    "node_modules/@connectrpc/connect-web": {
      "version": "1.4.0",
      "resolved": "https://registry.npmjs.org/@connectrpc/connect-web/-/connect-web-1.4.0.tgz",
      "integrity": "sha512-13aO4psFbbm7rdOFGV0De2Za64DY/acMspgloDlcOKzLPPs0yZkhp1OOzAQeiAIr7BM/VOHIA3p8mF0inxCYTA==",
      "license": "Apache-2.0",
      "peerDependencies": {
        "@bufbuild/protobuf": "^1.4.2",
        "@connectrpc/connect": "1.4.0"
      }
    },
    "node_modules/@fastify/busboy": {
      "version": "2.1.1",
      "resolved": "https://registry.npmjs.org/@fastify/busboy/-/busboy-2.1.1.tgz",
      "integrity": "sha512-vBZP4NlzfOlerQTnba4aqZoMhE/a9HY7HRqoOPaETQcSQuWEIyZMHGfVu6w9wGtGK5fED5qRs2DteVCjOH60sA==",
      "license": "MIT",
      "engines": {
        "node": ">=14"
      }
    },
    "node_modules/undici": {
      "version": "5.29.0",
      "resolved": "https://registry.npmjs.org/undici/-/undici-5.29.0.tgz",
      "integrity": "sha512-raqeBD6NQK4SkWhQzeYKd1KmIG6dllBOTt55Rmkt4HtI9mwdWtJljnrXjAFUBLTSN67HWrOIZ3EPF4kjUw80Bg==",
      "license": "MIT",
      "dependencies": {
        "@fastify/busboy": "^2.0.0"
      },
      "engines": {
        "node": ">=14.0"
      }
    }
  }
}
