{
  "name": "compassiot-ts-examples",
  "version": "1.0.0",
  "lockfileVersion": 3,
  "requires": true,
  "packages": {
    "": {
      "name": "compassiot-ts-examples",
      "version": "1.0.0",
      "license": "ISC",
      "dependencies": {
        "@buf/compassiot_api.bufbuild_es": "^1.4.2-20231113233204-83f003c51202.1",
        "@buf/compassiot_api.connectrpc_es": "^1.1.3-20231113233204-83f003c51202.1",
        "@buf/compassiot_model.bufbuild_es": "^1.4.2-20231113233201-72464a8973cc.1",
        "@bufbuild/protobuf": "^1.4.2",
        "@connectrpc/connect": "^1.1.3",
        "@connectrpc/connect-web": "^1.1.3"
      }
    },
    "node_modules/@buf/bufbuild_protovalidate.bufbuild_es": {
      "version": "1.4.2-20231106192134-1baebb0a1518.1",
      "resolved": "https://buf.build/gen/npm/v1/@buf/bufbuild_protovalidate.bufbuild_es/-/bufbuild_protovalidate.bufbuild_es-1.4.2-20231106192134-1baebb0a1518.1.tgz",
      "peerDependencies": {
        "@bufbuild/protobuf": "^1.4.2"
      }
    },
    "node_modules/@buf/bufbuild_protovalidate.connectrpc_es": {
      "version": "1.1.3-20231106192134-1baebb0a1518.1",
      "resolved": "https://buf.build/gen/npm/v1/@buf/bufbuild_protovalidate.connectrpc_es/-/bufbuild_protovalidate.connectrpc_es-1.1.3-20231106192134-1baebb0a1518.1.tgz",
      "dependencies": {
        "@buf/bufbuild_protovalidate.bufbuild_es": "1.4.1-20231106192134-1baebb0a1518.1"
      },
      "peerDependencies": {
        "@connectrpc/connect": "^1.1.3"
      }
    },
    "node_modules/@buf/bufbuild_protovalidate.connectrpc_es/node_modules/@buf/bufbuild_protovalidate.bufbuild_es": {
      "version": "1.4.1-20231106192134-1baebb0a1518.1",
      "resolved": "https://buf.build/gen/npm/v1/@buf/bufbuild_protovalidate.bufbuild_es/-/bufbuild_protovalidate.bufbuild_es-1.4.1-20231106192134-1baebb0a1518.1.tgz",
      "peerDependencies": {
        "@bufbuild/protobuf": "^1.4.1"
      }
    },
    "node_modules/@buf/compassiot_api.bufbuild_es": {
      "version": "1.4.2-20231113233204-83f003c51202.1",
      "resolved": "https://buf.build/gen/npm/v1/@buf/compassiot_api.bufbuild_es/-/compassiot_api.bufbuild_es-1.4.2-20231113233204-83f003c51202.1.tgz",
      "dependencies": {
        "@buf/bufbuild_protovalidate.bufbuild_es": "1.4.2-20231106192134-1baebb0a1518.1",
        "@buf/compassiot_model.bufbuild_es": "1.4.2-20231108034517-04dadddbb4da.1",
        "@buf/googleapis_googleapis.bufbuild_es": "1.4.2-20230822184711-28151c0d0a16.1"
      },
      "peerDependencies": {
        "@bufbuild/protobuf": "^1.4.2"
      }
    },
    "node_modules/@buf/compassiot_api.bufbuild_es/node_modules/@buf/compassiot_model.bufbuild_es": {
      "version": "1.4.2-20231108034517-04dadddbb4da.1",
      "resolved": "https://buf.build/gen/npm/v1/@buf/compassiot_model.bufbuild_es/-/compassiot_model.bufbuild_es-1.4.2-20231108034517-04dadddbb4da.1.tgz",
      "dependencies": {
        "@buf/bufbuild_protovalidate.bufbuild_es": "1.4.2-20231017183020-0de7443d03cf.1",
        "@buf/googleapis_googleapis.bufbuild_es": "1.4.2-20230822184711-28151c0d0a16.1"
      },
      "peerDependencies": {
        "@bufbuild/protobuf": "^1.4.2"
      }
    },
    "node_modules/@buf/compassiot_api.bufbuild_es/node_modules/@buf/compassiot_model.bufbuild_es/node_modules/@buf/bufbuild_protovalidate.bufbuild_es": {
      "version": "1.4.2-20231017183020-0de7443d03cf.1",
      "resolved": "https://buf.build/gen/npm/v1/@buf/bufbuild_protovalidate.bufbuild_es/-/bufbuild_protovalidate.bufbuild_es-1.4.2-20231017183020-0de7443d03cf.1.tgz",
      "peerDependencies": {
        "@bufbuild/protobuf": "^1.4.2"
      }
    },
    "node_modules/@buf/compassiot_api.connectrpc_es": {
      "version": "1.1.3-20231113233204-83f003c51202.1",
      "resolved": "https://buf.build/gen/npm/v1/@buf/compassiot_api.connectrpc_es/-/compassiot_api.connectrpc_es-1.1.3-20231113233204-83f003c51202.1.tgz",
      "dependencies": {
        "@buf/bufbuild_protovalidate.connectrpc_es": "1.1.3-20231106192134-1baebb0a1518.1",
        "@buf/compassiot_api.bufbuild_es": "1.4.1-20231113233204-83f003c51202.1",
        "@buf/compassiot_model.connectrpc_es": "1.1.3-20231108034517-04dadddbb4da.1",
        "@buf/googleapis_googleapis.connectrpc_es": "1.1.3-20230822184711-28151c0d0a16.1"
      },
      "peerDependencies": {
        "@connectrpc/connect": "^1.1.3"
      }
    },
    "node_modules/@buf/compassiot_api.connectrpc_es/node_modules/@buf/bufbuild_protovalidate.bufbuild_es": {
      "version": "1.4.1-20231106192134-1baebb0a1518.1",
      "resolved": "https://buf.build/gen/npm/v1/@buf/bufbuild_protovalidate.bufbuild_es/-/bufbuild_protovalidate.bufbuild_es-1.4.1-20231106192134-1baebb0a1518.1.tgz",
      "peerDependencies": {
        "@bufbuild/protobuf": "^1.4.1"
      }
    },
    "node_modules/@buf/compassiot_api.connectrpc_es/node_modules/@buf/compassiot_api.bufbuild_es": {
      "version": "1.4.1-20231113233204-83f003c51202.1",
      "resolved": "https://buf.build/gen/npm/v1/@buf/compassiot_api.bufbuild_es/-/compassiot_api.bufbuild_es-1.4.1-20231113233204-83f003c51202.1.tgz",
      "dependencies": {
        "@buf/bufbuild_protovalidate.bufbuild_es": "1.4.1-20231106192134-1baebb0a1518.1",
        "@buf/compassiot_model.bufbuild_es": "1.4.1-20231108034517-04dadddbb4da.1",
        "@buf/googleapis_googleapis.bufbuild_es": "1.4.1-20230822184711-28151c0d0a16.1"
      },
      "peerDependencies": {
        "@bufbuild/protobuf": "^1.4.1"
      }
    },
    "node_modules/@buf/compassiot_api.connectrpc_es/node_modules/@buf/compassiot_model.bufbuild_es": {
      "version": "1.4.1-20231108034517-04dadddbb4da.1",
      "resolved": "https://buf.build/gen/npm/v1/@buf/compassiot_model.bufbuild_es/-/compassiot_model.bufbuild_es-1.4.1-20231108034517-04dadddbb4da.1.tgz",
      "dependencies": {
        "@buf/bufbuild_protovalidate.bufbuild_es": "1.4.1-20231017183020-0de7443d03cf.1",
        "@buf/googleapis_googleapis.bufbuild_es": "1.4.1-20230822184711-28151c0d0a16.1"
      },
      "peerDependencies": {
        "@bufbuild/protobuf": "^1.4.1"
      }
    },
    "node_modules/@buf/compassiot_api.connectrpc_es/node_modules/@buf/compassiot_model.bufbuild_es/node_modules/@buf/bufbuild_protovalidate.bufbuild_es": {
      "version": "1.4.1-20231017183020-0de7443d03cf.1",
      "resolved": "https://buf.build/gen/npm/v1/@buf/bufbuild_protovalidate.bufbuild_es/-/bufbuild_protovalidate.bufbuild_es-1.4.1-20231017183020-0de7443d03cf.1.tgz",
      "peerDependencies": {
        "@bufbuild/protobuf": "^1.4.1"
      }
    },
    "node_modules/@buf/compassiot_api.connectrpc_es/node_modules/@buf/googleapis_googleapis.bufbuild_es": {
      "version": "1.4.1-20230822184711-28151c0d0a16.1",
      "resolved": "https://buf.build/gen/npm/v1/@buf/googleapis_googleapis.bufbuild_es/-/googleapis_googleapis.bufbuild_es-1.4.1-20230822184711-28151c0d0a16.1.tgz",
      "peerDependencies": {
        "@bufbuild/protobuf": "^1.4.1"
      }
    },
    "node_modules/@buf/compassiot_model.bufbuild_es": {
      "version": "1.4.2-20231113233201-72464a8973cc.1",
      "resolved": "https://buf.build/gen/npm/v1/@buf/compassiot_model.bufbuild_es/-/compassiot_model.bufbuild_es-1.4.2-20231113233201-72464a8973cc.1.tgz",
      "dependencies": {
        "@buf/bufbuild_protovalidate.bufbuild_es": "1.4.2-20231017183020-0de7443d03cf.1",
        "@buf/googleapis_googleapis.bufbuild_es": "1.4.2-20230822184711-28151c0d0a16.1"
      },
      "peerDependencies": {
        "@bufbuild/protobuf": "^1.4.2"
      }
    },
    "node_modules/@buf/compassiot_model.bufbuild_es/node_modules/@buf/bufbuild_protovalidate.bufbuild_es": {
      "version": "1.4.2-20231017183020-0de7443d03cf.1",
      "resolved": "https://buf.build/gen/npm/v1/@buf/bufbuild_protovalidate.bufbuild_es/-/bufbuild_protovalidate.bufbuild_es-1.4.2-20231017183020-0de7443d03cf.1.tgz",
      "peerDependencies": {
        "@bufbuild/protobuf": "^1.4.2"
      }
    },
    "node_modules/@buf/compassiot_model.connectrpc_es": {
      "version": "1.1.3-20231108034517-04dadddbb4da.1",
      "resolved": "https://buf.build/gen/npm/v1/@buf/compassiot_model.connectrpc_es/-/compassiot_model.connectrpc_es-1.1.3-20231108034517-04dadddbb4da.1.tgz",
      "dependencies": {
        "@buf/bufbuild_protovalidate.connectrpc_es": "1.1.3-20231017183020-0de7443d03cf.1",
        "@buf/compassiot_model.bufbuild_es": "1.4.1-20231108034517-04dadddbb4da.1",
        "@buf/googleapis_googleapis.connectrpc_es": "1.1.3-20230822184711-28151c0d0a16.1"
      },
      "peerDependencies": {
        "@connectrpc/connect": "^1.1.3"
      }
    },
    "node_modules/@buf/compassiot_model.connectrpc_es/node_modules/@buf/bufbuild_protovalidate.bufbuild_es": {
      "version": "1.4.1-20231017183020-0de7443d03cf.1",
      "resolved": "https://buf.build/gen/npm/v1/@buf/bufbuild_protovalidate.bufbuild_es/-/bufbuild_protovalidate.bufbuild_es-1.4.1-20231017183020-0de7443d03cf.1.tgz",
      "peerDependencies": {
        "@bufbuild/protobuf": "^1.4.1"
      }
    },
    "node_modules/@buf/compassiot_model.connectrpc_es/node_modules/@buf/bufbuild_protovalidate.connectrpc_es": {
      "version": "1.1.3-20231017183020-0de7443d03cf.1",
      "resolved": "https://buf.build/gen/npm/v1/@buf/bufbuild_protovalidate.connectrpc_es/-/bufbuild_protovalidate.connectrpc_es-1.1.3-20231017183020-0de7443d03cf.1.tgz",
      "dependencies": {
        "@buf/bufbuild_protovalidate.bufbuild_es": "1.4.1-20231017183020-0de7443d03cf.1"
      },
      "peerDependencies": {
        "@connectrpc/connect": "^1.1.3"
      }
    },
    "node_modules/@buf/compassiot_model.connectrpc_es/node_modules/@buf/compassiot_model.bufbuild_es": {
      "version": "1.4.1-20231108034517-04dadddbb4da.1",
      "resolved": "https://buf.build/gen/npm/v1/@buf/compassiot_model.bufbuild_es/-/compassiot_model.bufbuild_es-1.4.1-20231108034517-04dadddbb4da.1.tgz",
      "dependencies": {
        "@buf/bufbuild_protovalidate.bufbuild_es": "1.4.1-20231017183020-0de7443d03cf.1",
        "@buf/googleapis_googleapis.bufbuild_es": "1.4.1-20230822184711-28151c0d0a16.1"
      },
      "peerDependencies": {
        "@bufbuild/protobuf": "^1.4.1"
      }
    },
    "node_modules/@buf/compassiot_model.connectrpc_es/node_modules/@buf/googleapis_googleapis.bufbuild_es": {
      "version": "1.4.1-20230822184711-28151c0d0a16.1",
      "resolved": "https://buf.build/gen/npm/v1/@buf/googleapis_googleapis.bufbuild_es/-/googleapis_googleapis.bufbuild_es-1.4.1-20230822184711-28151c0d0a16.1.tgz",
      "peerDependencies": {
        "@bufbuild/protobuf": "^1.4.1"
      }
    },
    "node_modules/@buf/googleapis_googleapis.bufbuild_es": {
      "version": "1.4.2-20230822184711-28151c0d0a16.1",
      "resolved": "https://buf.build/gen/npm/v1/@buf/googleapis_googleapis.bufbuild_es/-/googleapis_googleapis.bufbuild_es-1.4.2-20230822184711-28151c0d0a16.1.tgz",
      "peerDependencies": {
        "@bufbuild/protobuf": "^1.4.2"
      }
    },
    "node_modules/@buf/googleapis_googleapis.connectrpc_es": {
      "version": "1.1.3-20230822184711-28151c0d0a16.1",
      "resolved": "https://buf.build/gen/npm/v1/@buf/googleapis_googleapis.connectrpc_es/-/googleapis_googleapis.connectrpc_es-1.1.3-20230822184711-28151c0d0a16.1.tgz",
      "dependencies": {
        "@buf/googleapis_googleapis.bufbuild_es": "1.4.1-20230822184711-28151c0d0a16.1"
      },
      "peerDependencies": {
        "@connectrpc/connect": "^1.1.3"
      }
    },
    "node_modules/@buf/googleapis_googleapis.connectrpc_es/node_modules/@buf/googleapis_googleapis.bufbuild_es": {
      "version": "1.4.1-20230822184711-28151c0d0a16.1",
      "resolved": "https://buf.build/gen/npm/v1/@buf/googleapis_googleapis.bufbuild_es/-/googleapis_googleapis.bufbuild_es-1.4.1-20230822184711-28151c0d0a16.1.tgz",
      "peerDependencies": {
        "@bufbuild/protobuf": "^1.4.1"
      }
    },
    "node_modules/@bufbuild/protobuf": {
      "version": "1.4.2",
      "resolved": "https://registry.npmjs.org/@bufbuild/protobuf/-/protobuf-1.4.2.tgz",
      "integrity": "sha512-JyEH8Z+OD5Sc2opSg86qMHn1EM1Sa+zj/Tc0ovxdwk56ByVNONJSabuCUbLQp+eKN3rWNfrho0X+3SEqEPXIow=="
    },
    "node_modules/@connectrpc/connect": {
      "version": "1.1.3",
      "resolved": "https://registry.npmjs.org/@connectrpc/connect/-/connect-1.1.3.tgz",
      "integrity": "sha512-AXkbsLQe2Nm7VuoN5nqp05GEb9mPa/f5oFzDqTbHME4i8TghTrlY03uefbhuAq4wjsnfDnmuxHZvn6ndlgXmbg==",
      "peerDependencies": {
        "@bufbuild/protobuf": "^1.3.3"
      }
    },
    "node_modules/@connectrpc/connect-web": {
      "version": "1.1.3",
      "resolved": "https://registry.npmjs.org/@connectrpc/connect-web/-/connect-web-1.1.3.tgz",
      "integrity": "sha512-WfShOZt91duJngqivYF4wJFRbeRa4bF/fPMfDVN0MAYSX3VuaTMn8o9qgKN7tsg2H2ZClyOVQwMkZx6IdcP7Zw==",
      "peerDependencies": {
        "@bufbuild/protobuf": "^1.3.3",
        "@connectrpc/connect": "1.1.3"
      }
    }
  }
}
