{
  "name": "compassiot-ts-examples",
  "version": "1.0.0",
  "lockfileVersion": 3,
  "requires": true,
  "packages": {
    "": {
      "name": "compassiot-ts-examples",
      "version": "1.0.0",
      "license": "ISC",
      "dependencies": {
        "@buf/compassiot_api.bufbuild_es": "^1.10.0-00000000000000-7ee5c8a0c221.1",
        "@buf/compassiot_api.connectrpc_es": "^1.4.0-00000000000000-7ee5c8a0c221.3",
        "@buf/compassiot_model.bufbuild_es": "^1.10.0-00000000000000-99526100ff57.1",
        "@bufbuild/protobuf": "^1.10.0",
        "@connectrpc/connect": "^1.4.0",
        "@connectrpc/connect-node": "^1.4.0",
        "@connectrpc/connect-web": "^1.4.0"
      }
    },
    "node_modules/@buf/bufbuild_protovalidate.bufbuild_es": {
      "version": "1.10.0-20240717164558-a6c49f84cc0f.1",
      "resolved": "https://buf.build/gen/npm/v1/@buf/bufbuild_protovalidate.bufbuild_es/-/bufbuild_protovalidate.bufbuild_es-1.10.0-20240717164558-a6c49f84cc0f.1.tgz",
      "peerDependencies": {
        "@bufbuild/protobuf": "^1.10.0"
      }
    },
    "node_modules/@buf/bufbuild_protovalidate.connectrpc_es": {
      "version": "1.4.0-20240717164558-a6c49f84cc0f.3",
      "resolved": "https://buf.build/gen/npm/v1/@buf/bufbuild_protovalidate.connectrpc_es/-/bufbuild_protovalidate.connectrpc_es-1.4.0-20240717164558-a6c49f84cc0f.3.tgz",
      "dependencies": {
        "@buf/bufbuild_protovalidate.bufbuild_es": "1.7.2-20240717164558-a6c49f84cc0f.2"
      },
      "peerDependencies": {
        "@connectrpc/connect": "^1.4.0"
      }
    },
    "node_modules/@buf/bufbuild_protovalidate.connectrpc_es/node_modules/@buf/bufbuild_protovalidate.bufbuild_es": {
      "version": "1.7.2-20240717164558-a6c49f84cc0f.2",
      "resolved": "https://buf.build/gen/npm/v1/@buf/bufbuild_protovalidate.bufbuild_es/-/bufbuild_protovalidate.bufbuild_es-1.7.2-20240717164558-a6c49f84cc0f.2.tgz",
      "peerDependencies": {
        "@bufbuild/protobuf": "^1.7.2"
      }
    },
    "node_modules/@buf/compassiot_api.bufbuild_es": {
      "version": "1.10.0-20240904042315-5a61b284d3cd.1",
      "resolved": "https://buf.build/gen/npm/v1/@buf/compassiot_api.bufbuild_es/-/compassiot_api.bufbuild_es-1.10.0-20240904042315-5a61b284d3cd.1.tgz",
      "dependencies": {
        "@buf/bufbuild_protovalidate.bufbuild_es": "1.10.0-20240717164558-a6c49f84cc0f.1",
        "@buf/compassiot_model.bufbuild_es": "1.10.0-20240904042315-9b552bb28cd8.1",
        "@buf/googleapis_googleapis.bufbuild_es": "1.10.0-20240717164601-2bbd25900cb3.1"
      },
      "peerDependencies": {
        "@bufbuild/protobuf": "^1.10.0"
      }
    },
    "node_modules/@buf/compassiot_api.connectrpc_es": {
      "version": "1.4.0-20240904042315-5a61b284d3cd.3",
      "resolved": "https://buf.build/gen/npm/v1/@buf/compassiot_api.connectrpc_es/-/compassiot_api.connectrpc_es-1.4.0-20240904042315-5a61b284d3cd.3.tgz",
      "dependencies": {
        "@buf/bufbuild_protovalidate.connectrpc_es": "1.4.0-20240717164558-a6c49f84cc0f.3",
        "@buf/compassiot_api.bufbuild_es": "1.7.2-20240904042315-5a61b284d3cd.2",
        "@buf/compassiot_model.connectrpc_es": "1.4.0-20240904042315-9b552bb28cd8.3",
        "@buf/googleapis_googleapis.connectrpc_es": "1.4.0-20240717164601-2bbd25900cb3.3"
      },
      "peerDependencies": {
        "@connectrpc/connect": "^1.4.0"
      }
    },
    "node_modules/@buf/compassiot_api.connectrpc_es/node_modules/@buf/bufbuild_protovalidate.bufbuild_es": {
      "version": "1.7.2-20240717164558-a6c49f84cc0f.2",
      "resolved": "https://buf.build/gen/npm/v1/@buf/bufbuild_protovalidate.bufbuild_es/-/bufbuild_protovalidate.bufbuild_es-1.7.2-20240717164558-a6c49f84cc0f.2.tgz",
      "peerDependencies": {
        "@bufbuild/protobuf": "^1.7.2"
      }
    },
    "node_modules/@buf/compassiot_api.connectrpc_es/node_modules/@buf/compassiot_api.bufbuild_es": {
      "version": "1.7.2-20240904042315-5a61b284d3cd.2",
      "resolved": "https://buf.build/gen/npm/v1/@buf/compassiot_api.bufbuild_es/-/compassiot_api.bufbuild_es-1.7.2-20240904042315-5a61b284d3cd.2.tgz",
      "dependencies": {
        "@buf/bufbuild_protovalidate.bufbuild_es": "1.7.2-20240717164558-a6c49f84cc0f.2",
        "@buf/compassiot_model.bufbuild_es": "1.7.2-20240904042315-9b552bb28cd8.2",
        "@buf/googleapis_googleapis.bufbuild_es": "1.7.2-20240717164601-2bbd25900cb3.2"
      },
      "peerDependencies": {
        "@bufbuild/protobuf": "^1.7.2"
      }
    },
    "node_modules/@buf/compassiot_api.connectrpc_es/node_modules/@buf/compassiot_model.bufbuild_es": {
      "version": "1.7.2-20240904042315-9b552bb28cd8.2",
      "resolved": "https://buf.build/gen/npm/v1/@buf/compassiot_model.bufbuild_es/-/compassiot_model.bufbuild_es-1.7.2-20240904042315-9b552bb28cd8.2.tgz",
      "dependencies": {
        "@buf/bufbuild_protovalidate.bufbuild_es": "1.7.2-20240717164558-a6c49f84cc0f.2"
      },
      "peerDependencies": {
        "@bufbuild/protobuf": "^1.7.2"
      }
    },
    "node_modules/@buf/compassiot_api.connectrpc_es/node_modules/@buf/googleapis_googleapis.bufbuild_es": {
      "version": "1.7.2-20240717164601-2bbd25900cb3.2",
      "resolved": "https://buf.build/gen/npm/v1/@buf/googleapis_googleapis.bufbuild_es/-/googleapis_googleapis.bufbuild_es-1.7.2-20240717164601-2bbd25900cb3.2.tgz",
      "peerDependencies": {
        "@bufbuild/protobuf": "^1.7.2"
      }
    },
    "node_modules/@buf/compassiot_model.bufbuild_es": {
      "version": "1.10.0-20240904042315-9b552bb28cd8.1",
      "resolved": "https://buf.build/gen/npm/v1/@buf/compassiot_model.bufbuild_es/-/compassiot_model.bufbuild_es-1.10.0-20240904042315-9b552bb28cd8.1.tgz",
      "dependencies": {
        "@buf/bufbuild_protovalidate.bufbuild_es": "1.10.0-20240717164558-a6c49f84cc0f.1"
      },
      "peerDependencies": {
        "@bufbuild/protobuf": "^1.10.0"
      }
    },
    "node_modules/@buf/compassiot_model.connectrpc_es": {
      "version": "1.4.0-20240904042315-9b552bb28cd8.3",
      "resolved": "https://buf.build/gen/npm/v1/@buf/compassiot_model.connectrpc_es/-/compassiot_model.connectrpc_es-1.4.0-20240904042315-9b552bb28cd8.3.tgz",
      "dependencies": {
        "@buf/bufbuild_protovalidate.connectrpc_es": "1.4.0-20240717164558-a6c49f84cc0f.3",
        "@buf/compassiot_model.bufbuild_es": "1.7.2-20240904042315-9b552bb28cd8.2"
      },
      "peerDependencies": {
        "@connectrpc/connect": "^1.4.0"
      }
    },
    "node_modules/@buf/compassiot_model.connectrpc_es/node_modules/@buf/bufbuild_protovalidate.bufbuild_es": {
      "version": "1.7.2-20240717164558-a6c49f84cc0f.2",
      "resolved": "https://buf.build/gen/npm/v1/@buf/bufbuild_protovalidate.bufbuild_es/-/bufbuild_protovalidate.bufbuild_es-1.7.2-20240717164558-a6c49f84cc0f.2.tgz",
      "peerDependencies": {
        "@bufbuild/protobuf": "^1.7.2"
      }
    },
    "node_modules/@buf/compassiot_model.connectrpc_es/node_modules/@buf/compassiot_model.bufbuild_es": {
      "version": "1.7.2-20240904042315-9b552bb28cd8.2",
      "resolved": "https://buf.build/gen/npm/v1/@buf/compassiot_model.bufbuild_es/-/compassiot_model.bufbuild_es-1.7.2-20240904042315-9b552bb28cd8.2.tgz",
      "dependencies": {
        "@buf/bufbuild_protovalidate.bufbuild_es": "1.7.2-20240717164558-a6c49f84cc0f.2"
      },
      "peerDependencies": {
        "@bufbuild/protobuf": "^1.7.2"
      }
    },
    "node_modules/@buf/googleapis_googleapis.bufbuild_es": {
      "version": "1.10.0-20240717164601-2bbd25900cb3.1",
      "resolved": "https://buf.build/gen/npm/v1/@buf/googleapis_googleapis.bufbuild_es/-/googleapis_googleapis.bufbuild_es-1.10.0-20240717164601-2bbd25900cb3.1.tgz",
      "peerDependencies": {
        "@bufbuild/protobuf": "^1.10.0"
      }
    },
    "node_modules/@buf/googleapis_googleapis.connectrpc_es": {
      "version": "1.4.0-20240717164601-2bbd25900cb3.3",
      "resolved": "https://buf.build/gen/npm/v1/@buf/googleapis_googleapis.connectrpc_es/-/googleapis_googleapis.connectrpc_es-1.4.0-20240717164601-2bbd25900cb3.3.tgz",
      "dependencies": {
        "@buf/googleapis_googleapis.bufbuild_es": "1.7.2-20240717164601-2bbd25900cb3.2"
      },
      "peerDependencies": {
        "@connectrpc/connect": "^1.4.0"
      }
    },
    "node_modules/@buf/googleapis_googleapis.connectrpc_es/node_modules/@buf/googleapis_googleapis.bufbuild_es": {
      "version": "1.7.2-20240717164601-2bbd25900cb3.2",
      "resolved": "https://buf.build/gen/npm/v1/@buf/googleapis_googleapis.bufbuild_es/-/googleapis_googleapis.bufbuild_es-1.7.2-20240717164601-2bbd25900cb3.2.tgz",
      "peerDependencies": {
        "@bufbuild/protobuf": "^1.7.2"
      }
    },
    "node_modules/@bufbuild/protobuf": {
      "version": "1.10.0",
      "resolved": "https://registry.npmjs.org/@bufbuild/protobuf/-/protobuf-1.10.0.tgz",
      "integrity": "sha512-QDdVFLoN93Zjg36NoQPZfsVH9tZew7wKDKyV5qRdj8ntT4wQCOradQjRaTdwMhWUYsgKsvCINKKm87FdEk96Ag=="
    },
    "node_modules/@connectrpc/connect": {
      "version": "1.4.0",
      "resolved": "https://registry.npmjs.org/@connectrpc/connect/-/connect-1.4.0.tgz",
      "integrity": "sha512-vZeOkKaAjyV4+RH3+rJZIfDFJAfr+7fyYr6sLDKbYX3uuTVszhFe9/YKf5DNqrDb5cKdKVlYkGn6DTDqMitAnA==",
      "peerDependencies": {
        "@bufbuild/protobuf": "^1.4.2"
      }
    },
    "node_modules/@connectrpc/connect-node": {
      "version": "1.4.0",
      "resolved": "https://registry.npmjs.org/@connectrpc/connect-node/-/connect-node-1.4.0.tgz",
      "integrity": "sha512-0ANnrr6SvsjevsWEgdzHy7BaHkluZyS6s4xNoVt7RBHFR5V/kT9lPokoIbYUOU9JHzdRgTaS3x5595mwUsu15g==",
      "dependencies": {
        "undici": "^5.28.3"
      },
      "engines": {
        "node": ">=16.0.0"
      },
      "peerDependencies": {
        "@bufbuild/protobuf": "^1.4.2",
        "@connectrpc/connect": "1.4.0"
      }
    },
    "node_modules/@connectrpc/connect-web": {
      "version": "1.4.0",
      "resolved": "https://registry.npmjs.org/@connectrpc/connect-web/-/connect-web-1.4.0.tgz",
      "integrity": "sha512-13aO4psFbbm7rdOFGV0De2Za64DY/acMspgloDlcOKzLPPs0yZkhp1OOzAQeiAIr7BM/VOHIA3p8mF0inxCYTA==",
      "peerDependencies": {
        "@bufbuild/protobuf": "^1.4.2",
        "@connectrpc/connect": "1.4.0"
      }
    },
    "node_modules/@fastify/busboy": {
      "version": "2.1.1",
      "resolved": "https://registry.npmjs.org/@fastify/busboy/-/busboy-2.1.1.tgz",
      "integrity": "sha512-vBZP4NlzfOlerQTnba4aqZoMhE/a9HY7HRqoOPaETQcSQuWEIyZMHGfVu6w9wGtGK5fED5qRs2DteVCjOH60sA==",
      "engines": {
        "node": ">=14"
      }
    },
    "node_modules/undici": {
      "version": "5.28.4",
      "resolved": "https://registry.npmjs.org/undici/-/undici-5.28.4.tgz",
      "integrity": "sha512-72RFADWFqKmUb2hmmvNODKL3p9hcB6Gt2DOQMis1SEBaV6a4MH8soBvzg+95CYhCKPFedut2JY9bMfrDl9D23g==",
      "dependencies": {
        "@fastify/busboy": "^2.0.0"
      },
      "engines": {
        "node": ">=14.0"
      }
    }
  }
}
