version = 1
revision = 1
requires-python = ">=3.13"

[[package]]
name = "bufbuild-protovalidate-grpc-python"
version = "1.73.1.1.20250717185734+6c6e0d3c608e"
source = { registry = "https://buf.build/gen/python" }
dependencies = [
    { name = "bufbuild-protovalidate-protocolbuffers-python" },
    { name = "grpcio" },
]
wheels = [
    { url = "https://buf.build/gen/python/bufbuild-protovalidate-grpc-python/bufbuild_protovalidate_grpc_python-1.73.1.1.20250717185734+6c6e0d3c608e-py3-none-any.whl" },
]

[[package]]
name = "bufbuild-protovalidate-protocolbuffers-pyi"
version = "31.1.0.1.20250717185734+6c6e0d3c608e"
source = { registry = "https://buf.build/gen/python" }
dependencies = [
    { name = "protobuf" },
    { name = "types-protobuf" },
]
wheels = [
    { url = "https://buf.build/gen/python/bufbuild-protovalidate-protocolbuffers-pyi/bufbuild_protovalidate_protocolbuffers_pyi-31.1.0.1.20250717185734+6c6e0d3c608e-py3-none-any.whl" },
]

[[package]]
name = "bufbuild-protovalidate-protocolbuffers-python"
version = "31.1.0.1.20250717185734+6c6e0d3c608e"
source = { registry = "https://buf.build/gen/python" }
dependencies = [
    { name = "bufbuild-protovalidate-protocolbuffers-pyi" },
    { name = "protobuf" },
]
wheels = [
    { url = "https://buf.build/gen/python/bufbuild-protovalidate-protocolbuffers-python/bufbuild_protovalidate_protocolbuffers_python-31.1.0.1.20250717185734+6c6e0d3c608e-py3-none-any.whl" },
]

[[package]]
name = "certifi"
version = "2025.1.31"
source = { registry = "https://pypi.org/simple" }
sdist = { url = "https://files.pythonhosted.org/packages/1c/ab/c9f1e32b7b1bf505bf26f0ef697775960db7932abeb7b516de930ba2705f/certifi-2025.1.31.tar.gz", hash = "sha256:3d5da6925056f6f18f119200434a4780a94263f10d1c21d032a6f6b2baa20651", size = 167577 }
wheels = [
    { url = "https://files.pythonhosted.org/packages/38/fc/bce832fd4fd99766c04d1ee0eead6b0ec6486fb100ae5e74c1d91292b982/certifi-2025.1.31-py3-none-any.whl", hash = "sha256:ca78db4565a652026a4db2bcdf68f2fb589ea80d0be70e03929ed730746b84fe", size = 166393 },
]

[[package]]
name = "charset-normalizer"
version = "3.4.1"
source = { registry = "https://pypi.org/simple" }
sdist = { url = "https://files.pythonhosted.org/packages/16/b0/572805e227f01586461c80e0fd25d65a2115599cc9dad142fee4b747c357/charset_normalizer-3.4.1.tar.gz", hash = "sha256:44251f18cd68a75b56585dd00dae26183e102cd5e0f9f1466e6df5da2ed64ea3", size = 123188 }
wheels = [
    { url = "https://files.pythonhosted.org/packages/38/94/ce8e6f63d18049672c76d07d119304e1e2d7c6098f0841b51c666e9f44a0/charset_normalizer-3.4.1-cp313-cp313-macosx_10_13_universal2.whl", hash = "sha256:aabfa34badd18f1da5ec1bc2715cadc8dca465868a4e73a0173466b688f29dda", size = 195698 },
    { url = "https://files.pythonhosted.org/packages/24/2e/dfdd9770664aae179a96561cc6952ff08f9a8cd09a908f259a9dfa063568/charset_normalizer-3.4.1-cp313-cp313-manylinux_2_17_aarch64.manylinux2014_aarch64.whl", hash = "sha256:22e14b5d70560b8dd51ec22863f370d1e595ac3d024cb8ad7d308b4cd95f8313", size = 140162 },
    { url = "https://files.pythonhosted.org/packages/24/4e/f646b9093cff8fc86f2d60af2de4dc17c759de9d554f130b140ea4738ca6/charset_normalizer-3.4.1-cp313-cp313-manylinux_2_17_ppc64le.manylinux2014_ppc64le.whl", hash = "sha256:8436c508b408b82d87dc5f62496973a1805cd46727c34440b0d29d8a2f50a6c9", size = 150263 },
    { url = "https://files.pythonhosted.org/packages/5e/67/2937f8d548c3ef6e2f9aab0f6e21001056f692d43282b165e7c56023e6dd/charset_normalizer-3.4.1-cp313-cp313-manylinux_2_17_s390x.manylinux2014_s390x.whl", hash = "sha256:2d074908e1aecee37a7635990b2c6d504cd4766c7bc9fc86d63f9c09af3fa11b", size = 142966 },
    { url = "https://files.pythonhosted.org/packages/52/ed/b7f4f07de100bdb95c1756d3a4d17b90c1a3c53715c1a476f8738058e0fa/charset_normalizer-3.4.1-cp313-cp313-manylinux_2_17_x86_64.manylinux2014_x86_64.whl", hash = "sha256:955f8851919303c92343d2f66165294848d57e9bba6cf6e3625485a70a038d11", size = 144992 },
    { url = "https://files.pythonhosted.org/packages/96/2c/d49710a6dbcd3776265f4c923bb73ebe83933dfbaa841c5da850fe0fd20b/charset_normalizer-3.4.1-cp313-cp313-manylinux_2_5_i686.manylinux1_i686.manylinux_2_17_i686.manylinux2014_i686.whl", hash = "sha256:44ecbf16649486d4aebafeaa7ec4c9fed8b88101f4dd612dcaf65d5e815f837f", size = 147162 },
    { url = "https://files.pythonhosted.org/packages/b4/41/35ff1f9a6bd380303dea55e44c4933b4cc3c4850988927d4082ada230273/charset_normalizer-3.4.1-cp313-cp313-musllinux_1_2_aarch64.whl", hash = "sha256:0924e81d3d5e70f8126529951dac65c1010cdf117bb75eb02dd12339b57749dd", size = 140972 },
    { url = "https://files.pythonhosted.org/packages/fb/43/c6a0b685fe6910d08ba971f62cd9c3e862a85770395ba5d9cad4fede33ab/charset_normalizer-3.4.1-cp313-cp313-musllinux_1_2_i686.whl", hash = "sha256:2967f74ad52c3b98de4c3b32e1a44e32975e008a9cd2a8cc8966d6a5218c5cb2", size = 149095 },
    { url = "https://files.pythonhosted.org/packages/4c/ff/a9a504662452e2d2878512115638966e75633519ec11f25fca3d2049a94a/charset_normalizer-3.4.1-cp313-cp313-musllinux_1_2_ppc64le.whl", hash = "sha256:c75cb2a3e389853835e84a2d8fb2b81a10645b503eca9bcb98df6b5a43eb8886", size = 152668 },
    { url = "https://files.pythonhosted.org/packages/6c/71/189996b6d9a4b932564701628af5cee6716733e9165af1d5e1b285c530ed/charset_normalizer-3.4.1-cp313-cp313-musllinux_1_2_s390x.whl", hash = "sha256:09b26ae6b1abf0d27570633b2b078a2a20419c99d66fb2823173d73f188ce601", size = 150073 },
    { url = "https://files.pythonhosted.org/packages/e4/93/946a86ce20790e11312c87c75ba68d5f6ad2208cfb52b2d6a2c32840d922/charset_normalizer-3.4.1-cp313-cp313-musllinux_1_2_x86_64.whl", hash = "sha256:fa88b843d6e211393a37219e6a1c1df99d35e8fd90446f1118f4216e307e48cd", size = 145732 },
    { url = "https://files.pythonhosted.org/packages/cd/e5/131d2fb1b0dddafc37be4f3a2fa79aa4c037368be9423061dccadfd90091/charset_normalizer-3.4.1-cp313-cp313-win32.whl", hash = "sha256:eb8178fe3dba6450a3e024e95ac49ed3400e506fd4e9e5c32d30adda88cbd407", size = 95391 },
    { url = "https://files.pythonhosted.org/packages/27/f2/4f9a69cc7712b9b5ad8fdb87039fd89abba997ad5cbe690d1835d40405b0/charset_normalizer-3.4.1-cp313-cp313-win_amd64.whl", hash = "sha256:b1ac5992a838106edb89654e0aebfc24f5848ae2547d22c2c3f66454daa11971", size = 102702 },
    { url = "https://files.pythonhosted.org/packages/0e/f6/65ecc6878a89bb1c23a086ea335ad4bf21a588990c3f535a227b9eea9108/charset_normalizer-3.4.1-py3-none-any.whl", hash = "sha256:d98b1668f06378c6dbefec3b92299716b931cd4e6061f3c875a71ced1780ab85", size = 49767 },
]

[[package]]
name = "compassiot-api-grpc-python"
version = "1.73.1.1.dev0+a6a866f52e32"
source = { registry = "https://buf.build/gen/python" }
dependencies = [
    { name = "bufbuild-protovalidate-grpc-python" },
    { name = "compassiot-api-protocolbuffers-python" },
    { name = "compassiot-model-grpc-python" },
    { name = "googleapis-googleapis-grpc-python" },
    { name = "googlecloudplatform-bq-schema-api-grpc-python" },
    { name = "grpcio" },
]
wheels = [
    { url = "https://buf.build/gen/python/compassiot-api-grpc-python/compassiot_api_grpc_python-1.73.1.1.dev+a6a866f52e32-py3-none-any.whl" },
]

[[package]]
name = "compassiot-api-protocolbuffers-pyi"
version = "31.1.0.1.20250722004719+cc7185903681"
source = { registry = "https://buf.build/gen/python" }
dependencies = [
    { name = "bufbuild-protovalidate-protocolbuffers-pyi" },
    { name = "compassiot-model-protocolbuffers-pyi" },
    { name = "googleapis-googleapis-protocolbuffers-pyi" },
    { name = "googlecloudplatform-bq-schema-api-protocolbuffers-pyi" },
    { name = "protobuf" },
    { name = "types-protobuf" },
]
wheels = [
    { url = "https://buf.build/gen/python/compassiot-api-protocolbuffers-pyi/compassiot_api_protocolbuffers_pyi-31.1.0.1.20250722004719+cc7185903681-py3-none-any.whl" },
]

[[package]]
name = "compassiot-api-protocolbuffers-python"
version = "31.1.0.1.20250722004719+cc7185903681"
source = { registry = "https://buf.build/gen/python" }
dependencies = [
    { name = "bufbuild-protovalidate-protocolbuffers-python" },
    { name = "compassiot-api-protocolbuffers-pyi" },
    { name = "compassiot-model-protocolbuffers-python" },
    { name = "googleapis-googleapis-protocolbuffers-python" },
    { name = "googlecloudplatform-bq-schema-api-protocolbuffers-python" },
    { name = "protobuf" },
]
wheels = [
    { url = "https://buf.build/gen/python/compassiot-api-protocolbuffers-python/compassiot_api_protocolbuffers_python-31.1.0.1.20250722004719+cc7185903681-py3-none-any.whl" },
]

[[package]]
name = "compassiot-model-grpc-python"
version = "1.73.1.1.dev0+45acb67e4e56"
source = { registry = "https://buf.build/gen/python" }
dependencies = [
    { name = "bufbuild-protovalidate-grpc-python" },
    { name = "compassiot-model-protocolbuffers-python" },
    { name = "googlecloudplatform-bq-schema-api-grpc-python" },
    { name = "grpcio" },
]
wheels = [
    { url = "https://buf.build/gen/python/compassiot-model-grpc-python/compassiot_model_grpc_python-1.73.1.1.dev+45acb67e4e56-py3-none-any.whl" },
]

[[package]]
name = "compassiot-model-protocolbuffers-pyi"
version = "31.1.0.1.20250722004719+1bf887fbbe20"
source = { registry = "https://buf.build/gen/python" }
dependencies = [
    { name = "bufbuild-protovalidate-protocolbuffers-pyi" },
    { name = "googlecloudplatform-bq-schema-api-protocolbuffers-pyi" },
    { name = "protobuf" },
    { name = "types-protobuf" },
]
wheels = [
    { url = "https://buf.build/gen/python/compassiot-model-protocolbuffers-pyi/compassiot_model_protocolbuffers_pyi-31.1.0.1.20250722004719+1bf887fbbe20-py3-none-any.whl" },
]

[[package]]
name = "compassiot-model-protocolbuffers-python"
version = "31.1.0.1.20250722004719+1bf887fbbe20"
source = { registry = "https://buf.build/gen/python" }
dependencies = [
    { name = "bufbuild-protovalidate-protocolbuffers-python" },
    { name = "compassiot-model-protocolbuffers-pyi" },
    { name = "googlecloudplatform-bq-schema-api-protocolbuffers-python" },
    { name = "protobuf" },
]
wheels = [
    { url = "https://buf.build/gen/python/compassiot-model-protocolbuffers-python/compassiot_model_protocolbuffers_python-31.1.0.1.20250722004719+1bf887fbbe20-py3-none-any.whl" },
]

[[package]]
name = "compassiot-pythonsdk"
version = "0.1.0"
source = { virtual = "." }
dependencies = [
    { name = "compassiot-api-grpc-python" },
    { name = "compassiot-model-grpc-python" },
    { name = "grpc-interceptor" },
    { name = "requests" },
]

[package.metadata]
requires-dist = [
    { name = "compassiot-api-grpc-python", specifier = "==1.73.1.1.dev0+a6a866f52e32" },
    { name = "compassiot-model-grpc-python", specifier = "==1.73.1.1.dev0+45acb67e4e56" },
    { name = "grpc-interceptor", specifier = ">=0.15.4" },
    { name = "requests", specifier = ">=2.32.3" },
]

[[package]]
name = "googleapis-googleapis-grpc-python"
version = "1.73.1.1.20250411203938+61b203b9a916"
source = { registry = "https://buf.build/gen/python" }
dependencies = [
    { name = "googleapis-googleapis-protocolbuffers-python" },
    { name = "grpcio" },
]
wheels = [
    { url = "https://buf.build/gen/python/googleapis-googleapis-grpc-python/googleapis_googleapis_grpc_python-1.73.1.1.20250411203938+61b203b9a916-py3-none-any.whl" },
]

[[package]]
name = "googleapis-googleapis-protocolbuffers-pyi"
version = "31.1.0.1.20250411203938+61b203b9a916"
source = { registry = "https://buf.build/gen/python" }
dependencies = [
    { name = "protobuf" },
    { name = "types-protobuf" },
]
wheels = [
    { url = "https://buf.build/gen/python/googleapis-googleapis-protocolbuffers-pyi/googleapis_googleapis_protocolbuffers_pyi-31.1.0.1.20250411203938+61b203b9a916-py3-none-any.whl" },
]

[[package]]
name = "googleapis-googleapis-protocolbuffers-python"
version = "31.1.0.1.20250411203938+61b203b9a916"
source = { registry = "https://buf.build/gen/python" }
dependencies = [
    { name = "googleapis-googleapis-protocolbuffers-pyi" },
    { name = "protobuf" },
]
wheels = [
    { url = "https://buf.build/gen/python/googleapis-googleapis-protocolbuffers-python/googleapis_googleapis_protocolbuffers_python-31.1.0.1.20250411203938+61b203b9a916-py3-none-any.whl" },
]

[[package]]
name = "googlecloudplatform-bq-schema-api-grpc-python"
version = "1.73.1.1.20241126165326+21c7b1fb5fe8"
source = { registry = "https://buf.build/gen/python" }
dependencies = [
    { name = "googlecloudplatform-bq-schema-api-protocolbuffers-python" },
    { name = "grpcio" },
]
wheels = [
    { url = "https://buf.build/gen/python/googlecloudplatform-bq-schema-api-grpc-python/googlecloudplatform_bq_schema_api_grpc_python-1.73.1.1.20241126165326+21c7b1fb5fe8-py3-none-any.whl" },
]

[[package]]
name = "googlecloudplatform-bq-schema-api-protocolbuffers-pyi"
version = "31.1.0.1.20241126165326+21c7b1fb5fe8"
source = { registry = "https://buf.build/gen/python" }
dependencies = [
    { name = "protobuf" },
    { name = "types-protobuf" },
]
wheels = [
    { url = "https://buf.build/gen/python/googlecloudplatform-bq-schema-api-protocolbuffers-pyi/googlecloudplatform_bq_schema_api_protocolbuffers_pyi-31.1.0.1.20241126165326+21c7b1fb5fe8-py3-none-any.whl" },
]

[[package]]
name = "googlecloudplatform-bq-schema-api-protocolbuffers-python"
version = "31.1.0.1.20241126165326+21c7b1fb5fe8"
source = { registry = "https://buf.build/gen/python" }
dependencies = [
    { name = "googlecloudplatform-bq-schema-api-protocolbuffers-pyi" },
    { name = "protobuf" },
]
wheels = [
    { url = "https://buf.build/gen/python/googlecloudplatform-bq-schema-api-protocolbuffers-python/googlecloudplatform_bq_schema_api_protocolbuffers_python-31.1.0.1.20241126165326+21c7b1fb5fe8-py3-none-any.whl" },
]

[[package]]
name = "grpc-interceptor"
version = "0.15.4"
source = { registry = "https://pypi.org/simple" }
dependencies = [
    { name = "grpcio" },
]
sdist = { url = "https://files.pythonhosted.org/packages/9f/28/57449d5567adf4c1d3e216aaca545913fbc21a915f2da6790d6734aac76e/grpc-interceptor-0.15.4.tar.gz", hash = "sha256:1f45c0bcb58b6f332f37c637632247c9b02bc6af0fdceb7ba7ce8d2ebbfb0926", size = 19322 }
wheels = [
    { url = "https://files.pythonhosted.org/packages/15/ac/8d53f230a7443401ce81791ec50a3b0e54924bf615ad287654fa4a2f5cdc/grpc_interceptor-0.15.4-py3-none-any.whl", hash = "sha256:0035f33228693ed3767ee49d937bac424318db173fef4d2d0170b3215f254d9d", size = 20848 },
]

[[package]]
name = "grpcio"
version = "1.70.0"
source = { registry = "https://pypi.org/simple" }
sdist = { url = "https://files.pythonhosted.org/packages/69/e1/4b21b5017c33f3600dcc32b802bb48fe44a4d36d6c066f52650c7c2690fa/grpcio-1.70.0.tar.gz", hash = "sha256:8d1584a68d5922330025881e63a6c1b54cc8117291d382e4fa69339b6d914c56", size = 12788932 }
wheels = [
    { url = "https://files.pythonhosted.org/packages/68/38/66d0f32f88feaf7d83f8559cd87d899c970f91b1b8a8819b58226de0a496/grpcio-1.70.0-cp313-cp313-linux_armv7l.whl", hash = "sha256:aa573896aeb7d7ce10b1fa425ba263e8dddd83d71530d1322fd3a16f31257b4a", size = 5199218 },
    { url = "https://files.pythonhosted.org/packages/c1/96/947df763a0b18efb5cc6c2ae348e56d97ca520dc5300c01617b234410173/grpcio-1.70.0-cp313-cp313-macosx_10_14_universal2.whl", hash = "sha256:d405b005018fd516c9ac529f4b4122342f60ec1cee181788249372524e6db429", size = 11445983 },
    { url = "https://files.pythonhosted.org/packages/fd/5b/f3d4b063e51b2454bedb828e41f3485800889a3609c49e60f2296cc8b8e5/grpcio-1.70.0-cp313-cp313-manylinux_2_17_aarch64.whl", hash = "sha256:f32090238b720eb585248654db8e3afc87b48d26ac423c8dde8334a232ff53c9", size = 5663954 },
    { url = "https://files.pythonhosted.org/packages/bd/0b/dab54365fcedf63e9f358c1431885478e77d6f190d65668936b12dd38057/grpcio-1.70.0-cp313-cp313-manylinux_2_17_i686.manylinux2014_i686.whl", hash = "sha256:dfa089a734f24ee5f6880c83d043e4f46bf812fcea5181dcb3a572db1e79e01c", size = 6304323 },
    { url = "https://files.pythonhosted.org/packages/76/a8/8f965a7171ddd336ce32946e22954aa1bbc6f23f095e15dadaa70604ba20/grpcio-1.70.0-cp313-cp313-manylinux_2_17_x86_64.manylinux2014_x86_64.whl", hash = "sha256:f19375f0300b96c0117aca118d400e76fede6db6e91f3c34b7b035822e06c35f", size = 5910939 },
    { url = "https://files.pythonhosted.org/packages/1b/05/0bbf68be8b17d1ed6f178435a3c0c12e665a1e6054470a64ce3cb7896596/grpcio-1.70.0-cp313-cp313-musllinux_1_1_i686.whl", hash = "sha256:7c73c42102e4a5ec76608d9b60227d917cea46dff4d11d372f64cbeb56d259d0", size = 6631405 },
    { url = "https://files.pythonhosted.org/packages/79/6a/5df64b6df405a1ed1482cb6c10044b06ec47fd28e87c2232dbcf435ecb33/grpcio-1.70.0-cp313-cp313-musllinux_1_1_x86_64.whl", hash = "sha256:0a5c78d5198a1f0aa60006cd6eb1c912b4a1520b6a3968e677dbcba215fabb40", size = 6190982 },
    { url = "https://files.pythonhosted.org/packages/42/aa/aeaac87737e6d25d1048c53b8ec408c056d3ed0c922e7c5efad65384250c/grpcio-1.70.0-cp313-cp313-win32.whl", hash = "sha256:fe9dbd916df3b60e865258a8c72ac98f3ac9e2a9542dcb72b7a34d236242a5ce", size = 3598359 },
    { url = "https://files.pythonhosted.org/packages/1f/79/8edd2442d2de1431b4a3de84ef91c37002f12de0f9b577fb07b452989dbc/grpcio-1.70.0-cp313-cp313-win_amd64.whl", hash = "sha256:4119fed8abb7ff6c32e3d2255301e59c316c22d31ab812b3fbcbaf3d0d87cc68", size = 4293938 },
]

[[package]]
name = "idna"
version = "3.10"
source = { registry = "https://pypi.org/simple" }
sdist = { url = "https://files.pythonhosted.org/packages/f1/70/7703c29685631f5a7590aa73f1f1d3fa9a380e654b86af429e0934a32f7d/idna-3.10.tar.gz", hash = "sha256:12f65c9b470abda6dc35cf8e63cc574b1c52b11df2c86030af0ac09b01b13ea9", size = 190490 }
wheels = [
    { url = "https://files.pythonhosted.org/packages/76/c6/c88e154df9c4e1a2a66ccf0005a88dfb2650c1dffb6f5ce603dfbd452ce3/idna-3.10-py3-none-any.whl", hash = "sha256:946d195a0d259cbba61165e88e65941f16e9b36ea6ddb97f00452bae8b1287d3", size = 70442 },
]

[[package]]
name = "protobuf"
version = "6.31.1"
source = { registry = "https://pypi.org/simple" }
sdist = { url = "https://files.pythonhosted.org/packages/52/f3/b9655a711b32c19720253f6f06326faf90580834e2e83f840472d752bc8b/protobuf-6.31.1.tar.gz", hash = "sha256:d8cac4c982f0b957a4dc73a80e2ea24fab08e679c0de9deb835f4a12d69aca9a", size = 441797 }
wheels = [
    { url = "https://files.pythonhosted.org/packages/f3/6f/6ab8e4bf962fd5570d3deaa2d5c38f0a363f57b4501047b5ebeb83ab1125/protobuf-6.31.1-cp310-abi3-win32.whl", hash = "sha256:7fa17d5a29c2e04b7d90e5e32388b8bfd0e7107cd8e616feef7ed3fa6bdab5c9", size = 423603 },
    { url = "https://files.pythonhosted.org/packages/44/3a/b15c4347dd4bf3a1b0ee882f384623e2063bb5cf9fa9d57990a4f7df2fb6/protobuf-6.31.1-cp310-abi3-win_amd64.whl", hash = "sha256:426f59d2964864a1a366254fa703b8632dcec0790d8862d30034d8245e1cd447", size = 435283 },
    { url = "https://files.pythonhosted.org/packages/6a/c9/b9689a2a250264a84e66c46d8862ba788ee7a641cdca39bccf64f59284b7/protobuf-6.31.1-cp39-abi3-macosx_10_9_universal2.whl", hash = "sha256:6f1227473dc43d44ed644425268eb7c2e488ae245d51c6866d19fe158e207402", size = 425604 },
    { url = "https://files.pythonhosted.org/packages/76/a1/7a5a94032c83375e4fe7e7f56e3976ea6ac90c5e85fac8576409e25c39c3/protobuf-6.31.1-cp39-abi3-manylinux2014_aarch64.whl", hash = "sha256:a40fc12b84c154884d7d4c4ebd675d5b3b5283e155f324049ae396b95ddebc39", size = 322115 },
    { url = "https://files.pythonhosted.org/packages/fa/b1/b59d405d64d31999244643d88c45c8241c58f17cc887e73bcb90602327f8/protobuf-6.31.1-cp39-abi3-manylinux2014_x86_64.whl", hash = "sha256:4ee898bf66f7a8b0bd21bce523814e6fbd8c6add948045ce958b73af7e8878c6", size = 321070 },
    { url = "https://files.pythonhosted.org/packages/f7/af/ab3c51ab7507a7325e98ffe691d9495ee3d3aa5f589afad65ec920d39821/protobuf-6.31.1-py3-none-any.whl", hash = "sha256:720a6c7e6b77288b85063569baae8536671b39f15cc22037ec7045658d80489e", size = 168724 },
]

[[package]]
name = "requests"
version = "2.32.3"
source = { registry = "https://pypi.org/simple" }
dependencies = [
    { name = "certifi" },
    { name = "charset-normalizer" },
    { name = "idna" },
    { name = "urllib3" },
]
sdist = { url = "https://files.pythonhosted.org/packages/63/70/2bf7780ad2d390a8d301ad0b550f1581eadbd9a20f896afe06353c2a2913/requests-2.32.3.tar.gz", hash = "sha256:55365417734eb18255590a9ff9eb97e9e1da868d4ccd6402399eaf68af20a760", size = 131218 }
wheels = [
    { url = "https://files.pythonhosted.org/packages/f9/9b/335f9764261e915ed497fcdeb11df5dfd6f7bf257d4a6a2a686d80da4d54/requests-2.32.3-py3-none-any.whl", hash = "sha256:70761cfe03c773ceb22aa2f671b4757976145175cdfca038c02654d061d6dcc6", size = 64928 },
]

[[package]]
name = "types-protobuf"
version = "6.30.2.20250703"
source = { registry = "https://pypi.org/simple" }
sdist = { url = "https://files.pythonhosted.org/packages/dc/54/d63ce1eee8e93c4d710bbe2c663ec68e3672cf4f2fca26eecd20981c0c5d/types_protobuf-6.30.2.20250703.tar.gz", hash = "sha256:609a974754bbb71fa178fc641f51050395e8e1849f49d0420a6281ed8d1ddf46", size = 62300 }
wheels = [
    { url = "https://files.pythonhosted.org/packages/7e/2b/5d0377c3d6e0f49d4847ad2c40629593fee4a5c9ec56eba26a15c708fbc0/types_protobuf-6.30.2.20250703-py3-none-any.whl", hash = "sha256:fa5aff9036e9ef432d703abbdd801b436a249b6802e4df5ef74513e272434e57", size = 76489 },
]

[[package]]
name = "urllib3"
version = "2.3.0"
source = { registry = "https://pypi.org/simple" }
sdist = { url = "https://files.pythonhosted.org/packages/aa/63/e53da845320b757bf29ef6a9062f5c669fe997973f966045cb019c3f4b66/urllib3-2.3.0.tar.gz", hash = "sha256:f8c5449b3cf0861679ce7e0503c7b44b5ec981bec0d1d3795a07f1ba96f0204d", size = 307268 }
wheels = [
    { url = "https://files.pythonhosted.org/packages/c8/19/4ec628951a74043532ca2cf5d97b7b14863931476d117c471e8e2b1eb39f/urllib3-2.3.0-py3-none-any.whl", hash = "sha256:1cee9ad369867bfdbbb48b7dd50374c0967a0bb7710050facf0dd6911440e3df", size = 128369 },
]
